<?xml version="1.0" encoding="utf-8"?>
<Project ToolsVersion="4.0" xmlns="http://schemas.microsoft.com/developer/msbuild/2003">
  <ItemGroup>
    <Filter Include="source">
      <UniqueIdentifier>{7eee7c9b-d4fd-4527-96f2-a6d75c249b81}</UniqueIdentifier>
      <Extensions>cpp;c;cxx;def;odl;idl;hpj;bat;asm</Extensions>
    </Filter>
    <Filter Include="include">
      <UniqueIdentifier>{c15f92ee-26b7-4bf2-ab9d-037f97cbebbc}</UniqueIdentifier>
      <Extensions>h;hpp;hxx;hm;inl;inc</Extensions>
    </Filter>
    <Filter Include="resource">
      <UniqueIdentifier>{b285fb22-ccbc-450e-8658-2d1260f7095f}</UniqueIdentifier>
      <Extensions>rc;ico;cur;bmp;dlg;rc2;rct;bin;rgs;jpg;jpeg;jpe;png;manifest</Extensions>
    </Filter>
    <Filter Include="source\XML">
      <UniqueIdentifier>{2dedf967-e612-428a-8e6e-5b7150e35af4}</UniqueIdentifier>
    </Filter>
    <Filter Include="include\XML">
      <UniqueIdentifier>{b3a5a46a-7f48-4afd-9dff-d7ce38bd0c3c}</UniqueIdentifier>
    </Filter>
    <Filter Include="include\SCENE">
      <UniqueIdentifier>{e1cac815-08df-4c7b-a0f0-a546d77b9859}</UniqueIdentifier>
    </Filter>
    <Filter Include="source\SCENE">
      <UniqueIdentifier>{11fd33a5-ac80-489c-a03b-a6413e5ca9e1}</UniqueIdentifier>
    </Filter>
    <Filter Include="resource\images">
      <UniqueIdentifier>{8dbbf9dd-3651-4da5-bdf2-d196f8798f21}</UniqueIdentifier>
    </Filter>
  </ItemGroup>
  <ItemGroup>
    <None Include="res\CosmosLink.ico">
      <Filter>resource</Filter>
    </None>
    <None Include="..\Resources\images\b1.png">
      <Filter>resource\images</Filter>
    </None>
    <None Include="..\Resources\images\b2.png">
      <Filter>resource\images</Filter>
    </None>
    <None Include="..\Resources\images\CloseNormal.png">
      <Filter>resource\images</Filter>
    </None>
    <None Include="..\Resources\images\CloseSelected.png">
      <Filter>resource\images</Filter>
    </None>
    <None Include="..\Resources\images\elem0.png">
      <Filter>resource\images</Filter>
    </None>
    <None Include="..\Resources\images\elem1.png">
      <Filter>resource\images</Filter>
    </None>
    <None Include="..\Resources\images\elem2.png">
      <Filter>resource\images</Filter>
    </None>
    <None Include="..\Resources\images\elem3.png">
      <Filter>resource\images</Filter>
    </None>
    <None Include="..\Resources\images\elem4.png">
      <Filter>resource\images</Filter>
    </None>
    <None Include="..\Resources\images\elem5.png">
      <Filter>resource\images</Filter>
    </None>
    <None Include="..\Resources\images\elem6.png">
      <Filter>resource\images</Filter>
    </None>
    <None Include="..\Resources\images\elem7.png">
      <Filter>resource\images</Filter>
    </None>
    <None Include="..\Resources\images\elem8.png">
      <Filter>resource\images</Filter>
    </None>
    <None Include="..\Resources\images\elem9.png">
      <Filter>resource\images</Filter>
    </None>
    <None Include="..\Resources\images\elem10.png">
      <Filter>resource\images</Filter>
    </None>
    <None Include="..\Resources\images\elem11.png">
      <Filter>resource\images</Filter>
    </None>
    <None Include="..\Resources\images\elem12.png">
      <Filter>resource\images</Filter>
    </None>
    <None Include="..\Resources\images\elem13.png">
      <Filter>resource\images</Filter>
    </None>
    <None Include="..\Resources\images\EndNormal.png">
      <Filter>resource\images</Filter>
    </None>
    <None Include="..\Resources\images\EndSelected.png">
      <Filter>resource\images</Filter>
    </None>
    <None Include="..\Resources\images\f1.png">
      <Filter>resource\images</Filter>
    </None>
    <None Include="..\Resources\images\f2.png">
      <Filter>resource\images</Filter>
    </None>
    <None Include="..\Resources\images\HelloWorld.png">
      <Filter>resource\images</Filter>
    </None>
    <None Include="..\Resources\images\level01cap.png">
      <Filter>resource\images</Filter>
    </None>
    <None Include="..\Resources\images\level02cap.png">
      <Filter>resource\images</Filter>
    </None>
    <None Include="..\Resources\images\level03cap.png">
      <Filter>resource\images</Filter>
    </None>
    <None Include="..\Resources\images\level04cap.png">
      <Filter>resource\images</Filter>
    </None>
    <None Include="..\Resources\images\level05cap.png">
      <Filter>resource\images</Filter>
    </None>
    <None Include="..\Resources\images\level06cap.png">
      <Filter>resource\images</Filter>
    </None>
    <None Include="..\Resources\images\level07cap.png">
      <Filter>resource\images</Filter>
    </None>
    <None Include="..\Resources\images\level08cap.png">
      <Filter>resource\images</Filter>
    </None>
    <None Include="..\Resources\images\level09cap.png">
      <Filter>resource\images</Filter>
    </None>
    <None Include="..\Resources\images\OptionNormal.png">
      <Filter>resource\images</Filter>
    </None>
    <None Include="..\Resources\images\OptionSelected.png">
      <Filter>resource\images</Filter>
    </None>
    <None Include="..\Resources\images\r1.png">
      <Filter>resource\images</Filter>
    </None>
    <None Include="..\Resources\images\r2.png">
      <Filter>resource\images</Filter>
    </None>
    <None Include="..\Resources\images\StartNormal.png">
      <Filter>resource\images</Filter>
    </None>
    <None Include="..\Resources\images\StartSelected.png">
      <Filter>resource\images</Filter>
    </None>
    <None Include="..\Resources\cosdata.xml">
      <Filter>resource</Filter>
    </None>
  </ItemGroup>
  <ItemGroup>
    <ResourceCompile Include="CosmosLink.rc">
      <Filter>resource</Filter>
    </ResourceCompile>
  </ItemGroup>
  <ItemGroup>
    <ClInclude Include="resource.h">
      <Filter>include</Filter>
    </ClInclude>
    <ClInclude Include="main.h">
      <Filter>include</Filter>
    </ClInclude>
    <ClInclude Include="..\Classes\AppDelegate.h">
      <Filter>include</Filter>
    </ClInclude>
    <ClInclude Include="..\Classes\VisibleRect.h">
      <Filter>include</Filter>
    </ClInclude>
    <ClInclude Include="..\Classes\CosLogic.h">
      <Filter>include</Filter>
    </ClInclude>
    <ClInclude Include="..\Classes\tinystr.h">
      <Filter>include\XML</Filter>
    </ClInclude>
    <ClInclude Include="..\Classes\tinyxml.h">
      <Filter>include\XML</Filter>
    </ClInclude>
    <ClInclude Include="..\Classes\CosScene.h">
      <Filter>include\SCENE</Filter>
    </ClInclude>
    <ClInclude Include="..\Classes\LevelSelectScene.h">
      <Filter>include\SCENE</Filter>
    </ClInclude>
    <ClInclude Include="..\Classes\MainMenuScene.h">
      <Filter>include\SCENE</Filter>
    </ClInclude>
    <ClInclude Include="..\Classes\OptionScene.h">
      <Filter>include\SCENE</Filter>
    </ClInclude>
    <ClInclude Include="..\Classes\PlayingGameScene.h">
      <Filter>include\SCENE</Filter>
    </ClInclude>
    <ClInclude Include="..\Classes\GameEndScene.h">
      <Filter>include\SCENE</Filter>
    </ClInclude>
    <ClInclude Include="..\Classes\DifficultyScene.h">
      <Filter>include\SCENE</Filter>
    </ClInclude>
    <ClInclude Include="..\Classes\CosResource.h">
      <Filter>include</Filter>
    </ClInclude>
    <ClInclude Include="..\Classes\GalleryScene.h">
      <Filter>include\SCENE</Filter>
    </ClInclude>
  </ItemGroup>
  <ItemGroup>
    <ClCompile Include="main.cpp">
      <Filter>source</Filter>
    </ClCompile>
    <ClCompile Include="..\Classes\AppDelegate.cpp">
      <Filter>source</Filter>
    </ClCompile>
    <ClCompile Include="..\Classes\VisibleRect.cpp">
      <Filter>source</Filter>
    </ClCompile>
    <ClCompile Include="..\Classes\CosLogic.cpp">
      <Filter>source</Filter>
    </ClCompile>
    <ClCompile Include="..\Classes\tinystr.cpp">
      <Filter>source\XML</Filter>
    </ClCompile>
    <ClCompile Include="..\Classes\tinyxml.cpp">
      <Filter>source\XML</Filter>
    </ClCompile>
    <ClCompile Include="..\Classes\tinyxmlerror.cpp">
      <Filter>source\XML</Filter>
    </ClCompile>
    <ClCompile Include="..\Classes\tinyxmlparser.cpp">
      <Filter>source\XML</Filter>
    </ClCompile>
    <ClCompile Include="..\Classes\CosScene.cpp">
      <Filter>source\SCENE</Filter>
    </ClCompile>
    <ClCompile Include="..\Classes\LevelSelectScene.cpp">
      <Filter>source\SCENE</Filter>
    </ClCompile>
    <ClCompile Include="..\Classes\MainMenuScene.cpp">
      <Filter>source\SCENE</Filter>
    </ClCompile>
    <ClCompile Include="..\Classes\OptionScene.cpp">
      <Filter>source\SCENE</Filter>
    </ClCompile>
    <ClCompile Include="..\Classes\PlayingGameScene.cpp">
      <Filter>source\SCENE</Filter>
    </ClCompile>
    <ClCompile Include="..\Classes\GameEndScene.cpp">
      <Filter>source\SCENE</Filter>
    </ClCompile>
    <ClCompile Include="..\Classes\DifficultyScene.cpp">
      <Filter>source\SCENE</Filter>
    </ClCompile>
    <ClCompile Include="..\Classes\GalleryScene.cpp">
      <Filter>source\SCENE</Filter>
    </ClCompile>
  </ItemGroup>
</Project>